# This file is generated by running "yarn install" inside your project.
# Manual changes might be lost - proceed with caution!

__metadata:
  version: 6

"@nomopo/array-buffer-byte-length@workspace:packages/array-buffer-byte-length":
  version: 0.0.0-use.local
  resolution: "@nomopo/array-buffer-byte-length@workspace:packages/array-buffer-byte-length"
  languageName: unknown
  linkType: soft

"@nomopo/array-includes@workspace:packages/array-includes":
  version: 0.0.0-use.local
  resolution: "@nomopo/array-includes@workspace:packages/array-includes"
  languageName: unknown
  linkType: soft

"@nomopo/array.prototype.flat@workspace:packages/array.prototype.flat":
  version: 0.0.0-use.local
  resolution: "@nomopo/array.prototype.flat@workspace:packages/array.prototype.flat"
  languageName: unknown
  linkType: soft

"@nomopo/array.prototype.flatmap@workspace:packages/array.prototype.flatmap":
  version: 0.0.0-use.local
  resolution: "@nomopo/array.prototype.flatmap@workspace:packages/array.prototype.flatmap"
  languageName: unknown
  linkType: soft

"@nomopo/array.prototype.slice@workspace:packages/array.prototype.slice":
  version: 0.0.0-use.local
  resolution: "@nomopo/array.prototype.slice@workspace:packages/array.prototype.slice"
  languageName: unknown
  linkType: soft

"@nomopo/array.prototype.tosorted@workspace:packages/array.prototype.tosorted":
  version: 0.0.0-use.local
  resolution: "@nomopo/array.prototype.tosorted@workspace:packages/array.prototype.tosorted"
  languageName: unknown
  linkType: soft

"@nomopo/call-bind@workspace:packages/call-bind":
  version: 0.0.0-use.local
  resolution: "@nomopo/call-bind@workspace:packages/call-bind"
  languageName: unknown
  linkType: soft

"@nomopo/define-data-property@workspace:packages/define-data-property":
  version: 0.0.0-use.local
  resolution: "@nomopo/define-data-property@workspace:packages/define-data-property"
  languageName: unknown
  linkType: soft

"@nomopo/define-properties@workspace:packages/define-properties":
  version: 0.0.0-use.local
  resolution: "@nomopo/define-properties@workspace:packages/define-properties"
  languageName: unknown
  linkType: soft

"@nomopo/function-bind@workspace:packages/function-bind":
  version: 0.0.0-use.local
  resolution: "@nomopo/function-bind@workspace:packages/function-bind"
  languageName: unknown
  linkType: soft

"@nomopo/function.prototype.name@workspace:packages/function.prototype.name":
  version: 0.0.0-use.local
  resolution: "@nomopo/function.prototype.name@workspace:packages/function.prototype.name"
  languageName: unknown
  linkType: soft

"@nomopo/isarray@workspace:packages/isarray":
  version: 0.0.0-use.local
  resolution: "@nomopo/isarray@workspace:packages/isarray"
  languageName: unknown
  linkType: soft

"@nomopo/object-keys@workspace:packages/object-keys":
  version: 0.0.0-use.local
  resolution: "@nomopo/object-keys@workspace:packages/object-keys"
  languageName: unknown
  linkType: soft

"@nomopo/object.assign@workspace:packages/object.assign":
  version: 0.0.0-use.local
  resolution: "@nomopo/object.assign@workspace:packages/object.assign"
  languageName: unknown
  linkType: soft

"@nomopo/object.entries@workspace:packages/object.entries":
  version: 0.0.0-use.local
  resolution: "@nomopo/object.entries@workspace:packages/object.entries"
  languageName: unknown
  linkType: soft

"@nomopo/object.fromentries@workspace:packages/object.fromentries":
  version: 0.0.0-use.local
  resolution: "@nomopo/object.fromentries@workspace:packages/object.fromentries"
  languageName: unknown
  linkType: soft

"@nomopo/object.hasown@workspace:packages/object.hasown":
  version: 0.0.0-use.local
  resolution: "@nomopo/object.hasown@workspace:packages/object.hasown"
  languageName: unknown
  linkType: soft

"@nomopo/object.values@workspace:packages/object.values":
  version: 0.0.0-use.local
  resolution: "@nomopo/object.values@workspace:packages/object.values"
  languageName: unknown
  linkType: soft

"@nomopo/regexp.prototype.flags@workspace:packages/regexp.prototype.flags":
  version: 0.0.0-use.local
  resolution: "@nomopo/regexp.prototype.flags@workspace:packages/regexp.prototype.flags"
  languageName: unknown
  linkType: soft

"@nomopo/string.prototype.matchall@workspace:packages/string.prototype.matchall":
  version: 0.0.0-use.local
  resolution: "@nomopo/string.prototype.matchall@workspace:packages/string.prototype.matchall"
  languageName: unknown
  linkType: soft

"@nomopo/string.prototype.trim@workspace:packages/string.prototype.trim":
  version: 0.0.0-use.local
  resolution: "@nomopo/string.prototype.trim@workspace:packages/string.prototype.trim"
  languageName: unknown
  linkType: soft

"@nomopo/string.prototype.trimend@workspace:packages/string.prototype.trimEnd":
  version: 0.0.0-use.local
  resolution: "@nomopo/string.prototype.trimend@workspace:packages/string.prototype.trimEnd"
  languageName: unknown
  linkType: soft

"@nomopo/string.prototype.trimstart@workspace:packages/string.prototype.trimStart":
  version: 0.0.0-use.local
  resolution: "@nomopo/string.prototype.trimstart@workspace:packages/string.prototype.trimStart"
  languageName: unknown
  linkType: soft

"no-mo-po@workspace:.":
  version: 0.0.0-use.local
  resolution: "no-mo-po@workspace:."
  languageName: unknown
  linkType: soft
